// !$*UTF8*$!
{
	archiveVersion = 1;
	classes = {
	};
	objectVersion = 56;
	objects = {

/* Begin PBXBuildFile section */
		1E50C4A42D298B12002102D1 /* SnapKit in Frameworks */ = {isa = PBXBuildFile; productRef = 1E50C4A32D298B12002102D1 /* SnapKit */; };
		1E50C4B12D2A3F99002102D1 /* ViewController.swift in Sources */ = {isa = PBXBuildFile; fileRef = 1E50C4A72D2A3F99002102D1 /* ViewController.swift */; };
		1E50C4B22D2A3F99002102D1 /* IMConfig.swift in Sources */ = {isa = PBXBuildFile; fileRef = 1E50C4A52D2A3F99002102D1 /* IMConfig.swift */; };
		1E50C4B32D2A3F99002102D1 /* IMDataSource.swift in Sources */ = {isa = PBXBuildFile; fileRef = 1E50C4AC2D2A3F99002102D1 /* IMDataSource.swift */; };
		1E50C4B42D2A3F99002102D1 /* CustomExtension.swift in Sources */ = {isa = PBXBuildFile; fileRef = 1E50C4A92D2A3F99002102D1 /* CustomExtension.swift */; };
		1E50C4B52D2A3F99002102D1 /* CustomIMTableViewCell.swift in Sources */ = {isa = PBXBuildFile; fileRef = 1E50C4AE2D2A3F99002102D1 /* CustomIMTableViewCell.swift */; };
		1E50C4B62D2A3F99002102D1 /* ModelExtension.swift in Sources */ = {isa = PBXBuildFile; fileRef = 1E50C4AA2D2A3F99002102D1 /* ModelExtension.swift */; };
		1E50C4B72D2A3F99002102D1 /* ToolBar.swift in Sources */ = {isa = PBXBuildFile; fileRef = 1E50C4AF2D2A3F99002102D1 /* ToolBar.swift */; };
		1E50C4BE2D2A3FBD002102D1 /* im.swift in Sources */ = {isa = PBXBuildFile; fileRef = 1E50C4B82D2A3FBD002102D1 /* im.swift */; };
		1E50C4BF2D2A3FBD002102D1 /* imffi.swift in Sources */ = {isa = PBXBuildFile; fileRef = 1E50C4B92D2A3FBD002102D1 /* imffi.swift */; };
		1E50C4C02D2A3FBD002102D1 /* libimffi.a in Frameworks */ = {isa = PBXBuildFile; fileRef = 1E50C4BC2D2A3FBD002102D1 /* libimffi.a */; };
		E7EDA6F32C48FA5B001EDDC7 /* AppDelegate.swift in Sources */ = {isa = PBXBuildFile; fileRef = E7EDA6F22C48FA5B001EDDC7 /* AppDelegate.swift */; };
		E7EDA6F52C48FA5B001EDDC7 /* SceneDelegate.swift in Sources */ = {isa = PBXBuildFile; fileRef = E7EDA6F42C48FA5B001EDDC7 /* SceneDelegate.swift */; };
		E7EDA6FA2C48FA5B001EDDC7 /* Base in Resources */ = {isa = PBXBuildFile; fileRef = E7EDA6F92C48FA5B001EDDC7 /* Base */; };
		E7EDA6FC2C48FA5D001EDDC7 /* Assets.xcassets in Resources */ = {isa = PBXBuildFile; fileRef = E7EDA6FB2C48FA5D001EDDC7 /* Assets.xcassets */; };
		E7EDA6FF2C48FA5D001EDDC7 /* Base in Resources */ = {isa = PBXBuildFile; fileRef = E7EDA6FE2C48FA5D001EDDC7 /* Base */; };
		E7EDA72B2C48FC21001EDDC7 /* libsqlite3.tbd in Frameworks */ = {isa = PBXBuildFile; fileRef = E7EDA72A2C48FC21001EDDC7 /* libsqlite3.tbd */; };
/* End PBXBuildFile section */

/* Begin PBXFileReference section */
		1E50C4A52D2A3F99002102D1 /* IMConfig.swift */ = {isa = PBXFileReference; lastKnownFileType = sourcecode.swift; path = IMConfig.swift; sourceTree = "<group>"; };
		1E50C4A72D2A3F99002102D1 /* ViewController.swift */ = {isa = PBXFileReference; lastKnownFileType = sourcecode.swift; path = ViewController.swift; sourceTree = "<group>"; };
		1E50C4A92D2A3F99002102D1 /* CustomExtension.swift */ = {isa = PBXFileReference; lastKnownFileType = sourcecode.swift; path = CustomExtension.swift; sourceTree = "<group>"; };
		1E50C4AA2D2A3F99002102D1 /* ModelExtension.swift */ = {isa = PBXFileReference; lastKnownFileType = sourcecode.swift; path = ModelExtension.swift; sourceTree = "<group>"; };
		1E50C4AC2D2A3F99002102D1 /* IMDataSource.swift */ = {isa = PBXFileReference; lastKnownFileType = sourcecode.swift; path = IMDataSource.swift; sourceTree = "<group>"; };
		1E50C4AE2D2A3F99002102D1 /* CustomIMTableViewCell.swift */ = {isa = PBXFileReference; lastKnownFileType = sourcecode.swift; path = CustomIMTableViewCell.swift; sourceTree = "<group>"; };
		1E50C4AF2D2A3F99002102D1 /* ToolBar.swift */ = {isa = PBXFileReference; lastKnownFileType = sourcecode.swift; path = ToolBar.swift; sourceTree = "<group>"; };
		1E50C4B82D2A3FBD002102D1 /* im.swift */ = {isa = PBXFileReference; lastKnownFileType = sourcecode.swift; path = im.swift; sourceTree = "<group>"; };
		1E50C4B92D2A3FBD002102D1 /* imffi.swift */ = {isa = PBXFileReference; lastKnownFileType = sourcecode.swift; path = imffi.swift; sourceTree = "<group>"; };
		1E50C4BA2D2A3FBD002102D1 /* imFFI.h */ = {isa = PBXFileReference; lastKnownFileType = sourcecode.c.h; path = imFFI.h; sourceTree = "<group>"; };
		1E50C4BB2D2A3FBD002102D1 /* imffiFFI.h */ = {isa = PBXFileReference; lastKnownFileType = sourcecode.c.h; path = imffiFFI.h; sourceTree = "<group>"; };
		1E50C4BC2D2A3FBD002102D1 /* libimffi.a */ = {isa = PBXFileReference; lastKnownFileType = archive.ar; path = libimffi.a; sourceTree = "<group>"; };
		E7EDA6EF2C48FA5B001EDDC7 /* SwiftIMGuest2.app */ = {isa = PBXFileReference; explicitFileType = wrapper.application; includeInIndex = 0; path = SwiftIMGuest2.app; sourceTree = BUILT_PRODUCTS_DIR; };
		E7EDA6F22C48FA5B001EDDC7 /* AppDelegate.swift */ = {isa = PBXFileReference; lastKnownFileType = sourcecode.swift; path = AppDelegate.swift; sourceTree = "<group>"; };
		E7EDA6F42C48FA5B001EDDC7 /* SceneDelegate.swift */ = {isa = PBXFileReference; lastKnownFileType = sourcecode.swift; path = SceneDelegate.swift; sourceTree = "<group>"; };
		E7EDA6F92C48FA5B001EDDC7 /* Base */ = {isa = PBXFileReference; lastKnownFileType = file.storyboard; name = Base; path = Base.lproj/Main.storyboard; sourceTree = "<group>"; };
		E7EDA6FB2C48FA5D001EDDC7 /* Assets.xcassets */ = {isa = PBXFileReference; lastKnownFileType = folder.assetcatalog; path = Assets.xcassets; sourceTree = "<group>"; };
		E7EDA6FE2C48FA5D001EDDC7 /* Base */ = {isa = PBXFileReference; lastKnownFileType = file.storyboard; name = Base; path = Base.lproj/LaunchScreen.storyboard; sourceTree = "<group>"; };
		E7EDA7002C48FA5D001EDDC7 /* Info.plist */ = {isa = PBXFileReference; lastKnownFileType = text.plist.xml; path = Info.plist; sourceTree = "<group>"; };
		E7EDA7252C48FBCB001EDDC7 /* SwiftIMGuest2-Bridging-Header.h */ = {isa = PBXFileReference; lastKnownFileType = sourcecode.c.h; path = "SwiftIMGuest2-Bridging-Header.h"; sourceTree = "<group>"; };
		E7EDA72A2C48FC21001EDDC7 /* libsqlite3.tbd */ = {isa = PBXFileReference; lastKnownFileType = "sourcecode.text-based-dylib-definition"; name = libsqlite3.tbd; path = usr/lib/libsqlite3.tbd; sourceTree = SDKROOT; };
/* End PBXFileReference section */

/* Begin PBXFrameworksBuildPhase section */
		E7EDA6EC2C48FA5B001EDDC7 /* Frameworks */ = {
			isa = PBXFrameworksBuildPhase;
			buildActionMask = 2147483647;
			files = (
				1E50C4A42D298B12002102D1 /* SnapKit in Frameworks */,
				1E50C4C02D2A3FBD002102D1 /* libimffi.a in Frameworks */,
				E7EDA72B2C48FC21001EDDC7 /* libsqlite3.tbd in Frameworks */,
			);
			runOnlyForDeploymentPostprocessing = 0;
		};
/* End PBXFrameworksBuildPhase section */

/* Begin PBXGroup section */
		1E50C4A62D2A3F99002102D1 /* config */ = {
			isa = PBXGroup;
			children = (
				1E50C4A52D2A3F99002102D1 /* IMConfig.swift */,
			);
			path = config;
			sourceTree = "<group>";
		};
		1E50C4A82D2A3F99002102D1 /* Controller */ = {
			isa = PBXGroup;
			children = (
				1E50C4A72D2A3F99002102D1 /* ViewController.swift */,
			);
			path = Controller;
			sourceTree = "<group>";
		};
		1E50C4AB2D2A3F99002102D1 /* Extension */ = {
			isa = PBXGroup;
			children = (
				1E50C4A92D2A3F99002102D1 /* CustomExtension.swift */,
				1E50C4AA2D2A3F99002102D1 /* ModelExtension.swift */,
			);
			path = Extension;
			sourceTree = "<group>";
		};
		1E50C4AD2D2A3F99002102D1 /* Model */ = {
			isa = PBXGroup;
			children = (
				1E50C4AC2D2A3F99002102D1 /* IMDataSource.swift */,
			);
			path = Model;
			sourceTree = "<group>";
		};
		1E50C4B02D2A3F99002102D1 /* View */ = {
			isa = PBXGroup;
			children = (
				1E50C4AE2D2A3F99002102D1 /* CustomIMTableViewCell.swift */,
				1E50C4AF2D2A3F99002102D1 /* ToolBar.swift */,
			);
			path = View;
			sourceTree = "<group>";
		};
		1E50C4BD2D2A3FBD002102D1 /* FFI */ = {
			isa = PBXGroup;
			children = (
				1E50C4B82D2A3FBD002102D1 /* im.swift */,
				1E50C4B92D2A3FBD002102D1 /* imffi.swift */,
				1E50C4BA2D2A3FBD002102D1 /* imFFI.h */,
				1E50C4BB2D2A3FBD002102D1 /* imffiFFI.h */,
				1E50C4BC2D2A3FBD002102D1 /* libimffi.a */,
			);
			path = FFI;
			sourceTree = "<group>";
		};
		E7EDA6E62C48FA5B001EDDC7 = {
			isa = PBXGroup;
			children = (
				E7EDA6F12C48FA5B001EDDC7 /* SwiftIMGuest2 */,
				E7EDA6F02C48FA5B001EDDC7 /* Products */,
				E7EDA7292C48FC21001EDDC7 /* Frameworks */,
			);
			sourceTree = "<group>";
		};
		E7EDA6F02C48FA5B001EDDC7 /* Products */ = {
			isa = PBXGroup;
			children = (
				E7EDA6EF2C48FA5B001EDDC7 /* SwiftIMGuest2.app */,
			);
			name = Products;
			sourceTree = "<group>";
		};
		E7EDA6F12C48FA5B001EDDC7 /* SwiftIMGuest2 */ = {
			isa = PBXGroup;
			children = (
				E7EDA6F22C48FA5B001EDDC7 /* AppDelegate.swift */,
				E7EDA6F42C48FA5B001EDDC7 /* SceneDelegate.swift */,
				1E50C4BD2D2A3FBD002102D1 /* FFI */,
				1E50C4A62D2A3F99002102D1 /* config */,
				1E50C4A82D2A3F99002102D1 /* Controller */,
				1E50C4AB2D2A3F99002102D1 /* Extension */,
				1E50C4AD2D2A3F99002102D1 /* Model */,
				1E50C4B02D2A3F99002102D1 /* View */,
				E7EDA6F82C48FA5B001EDDC7 /* Main.storyboard */,
				E7EDA6FB2C48FA5D001EDDC7 /* Assets.xcassets */,
				E7EDA6FD2C48FA5D001EDDC7 /* LaunchScreen.storyboard */,
				E7EDA7002C48FA5D001EDDC7 /* Info.plist */,
				E7EDA7252C48FBCB001EDDC7 /* SwiftIMGuest2-Bridging-Header.h */,
			);
			path = SwiftIMGuest2;
			sourceTree = "<group>";
		};
		E7EDA7292C48FC21001EDDC7 /* Frameworks */ = {
			isa = PBXGroup;
			children = (
				E7EDA72A2C48FC21001EDDC7 /* libsqlite3.tbd */,
			);
			name = Frameworks;
			sourceTree = "<group>";
		};
/* End PBXGroup section */

/* Begin PBXNativeTarget section */
		E7EDA6EE2C48FA5B001EDDC7 /* SwiftIMGuest2 */ = {
			isa = PBXNativeTarget;
			buildConfigurationList = E7EDA7192C48FA5D001EDDC7 /* Build configuration list for PBXNativeTarget "SwiftIMGuest2" */;
			buildPhases = (
				E7EDA6EB2C48FA5B001EDDC7 /* Sources */,
				E7EDA6EC2C48FA5B001EDDC7 /* Frameworks */,
				E7EDA6ED2C48FA5B001EDDC7 /* Resources */,
			);
			buildRules = (
			);
			dependencies = (
			);
			name = SwiftIMGuest2;
			productName = SwiftIMGuest2;
			productReference = E7EDA6EF2C48FA5B001EDDC7 /* SwiftIMGuest2.app */;
			productType = "com.apple.product-type.application";
		};
/* End PBXNativeTarget section */

/* Begin PBXProject section */
		E7EDA6E72C48FA5B001EDDC7 /* Project object */ = {
			isa = PBXProject;
			attributes = {
				BuildIndependentTargetsInParallel = 1;
				LastSwiftUpdateCheck = 1530;
				LastUpgradeCheck = 1530;
				TargetAttributes = {
					E7EDA6EE2C48FA5B001EDDC7 = {
						CreatedOnToolsVersion = 15.3;
						LastSwiftMigration = 1530;
					};
				};
			};
			buildConfigurationList = E7EDA6EA2C48FA5B001EDDC7 /* Build configuration list for PBXProject "SwiftIMGuest2" */;
			compatibilityVersion = "Xcode 14.0";
			developmentRegion = en;
			hasScannedForEncodings = 0;
			knownRegions = (
				en,
				Base,
			);
			mainGroup = E7EDA6E62C48FA5B001EDDC7;
			packageReferences = (
				1E50C4A22D298B12002102D1 /* XCRemoteSwiftPackageReference "SnapKit" */,
			);
			productRefGroup = E7EDA6F02C48FA5B001EDDC7 /* Products */;
			projectDirPath = "";
			projectRoot = "";
			targets = (
				E7EDA6EE2C48FA5B001EDDC7 /* SwiftIMGuest2 */,
			);
		};
/* End PBXProject section */

/* Begin PBXResourcesBuildPhase section */
		E7EDA6ED2C48FA5B001EDDC7 /* Resources */ = {
			isa = PBXResourcesBuildPhase;
			buildActionMask = 2147483647;
			files = (
				E7EDA6FC2C48FA5D001EDDC7 /* Assets.xcassets in Resources */,
				E7EDA6FF2C48FA5D001EDDC7 /* Base in Resources */,
				E7EDA6FA2C48FA5B001EDDC7 /* Base in Resources */,
			);
			runOnlyForDeploymentPostprocessing = 0;
		};
/* End PBXResourcesBuildPhase section */

/* Begin PBXSourcesBuildPhase section */
		E7EDA6EB2C48FA5B001EDDC7 /* Sources */ = {
			isa = PBXSourcesBuildPhase;
			buildActionMask = 2147483647;
			files = (
				1E50C4B12D2A3F99002102D1 /* ViewController.swift in Sources */,
				1E50C4B22D2A3F99002102D1 /* IMConfig.swift in Sources */,
				1E50C4B32D2A3F99002102D1 /* IMDataSource.swift in Sources */,
				1E50C4B42D2A3F99002102D1 /* CustomExtension.swift in Sources */,
				1E50C4BE2D2A3FBD002102D1 /* im.swift in Sources */,
				1E50C4BF2D2A3FBD002102D1 /* imffi.swift in Sources */,
				1E50C4B52D2A3F99002102D1 /* CustomIMTableViewCell.swift in Sources */,
				1E50C4B62D2A3F99002102D1 /* ModelExtension.swift in Sources */,
				1E50C4B72D2A3F99002102D1 /* ToolBar.swift in Sources */,
				E7EDA6F32C48FA5B001EDDC7 /* AppDelegate.swift in Sources */,
				E7EDA6F52C48FA5B001EDDC7 /* SceneDelegate.swift in Sources */,
			);
			runOnlyForDeploymentPostprocessing = 0;
		};
/* End PBXSourcesBuildPhase section */

/* Begin PBXVariantGroup section */
		E7EDA6F82C48FA5B001EDDC7 /* Main.storyboard */ = {
			isa = PBXVariantGroup;
			children = (
				E7EDA6F92C48FA5B001EDDC7 /* Base */,
			);
			name = Main.storyboard;
			sourceTree = "<group>";
		};
		E7EDA6FD2C48FA5D001EDDC7 /* LaunchScreen.storyboard */ = {
			isa = PBXVariantGroup;
			children = (
				E7EDA6FE2C48FA5D001EDDC7 /* Base */,
			);
			name = LaunchScreen.storyboard;
			sourceTree = "<group>";
		};
/* End PBXVariantGroup section */

/* Begin XCBuildConfiguration section */
		E7EDA7172C48FA5D001EDDC7 /* Debug */ = {
			isa = XCBuildConfiguration;
			buildSettings = {
				ALWAYS_SEARCH_USER_PATHS = NO;
				ASSETCATALOG_COMPILER_GENERATE_SWIFT_ASSET_SYMBOL_EXTENSIONS = YES;
				CLANG_ANALYZER_NONNULL = YES;
				CLANG_ANALYZER_NUMBER_OBJECT_CONVERSION = YES_AGGRESSIVE;
				CLANG_CXX_LANGUAGE_STANDARD = "gnu++20";
				CLANG_ENABLE_MODULES = YES;
				CLANG_ENABLE_OBJC_ARC = YES;
				CLANG_ENABLE_OBJC_WEAK = YES;
				CLANG_WARN_BLOCK_CAPTURE_AUTORELEASING = YES;
				CLANG_WARN_BOOL_CONVERSION = YES;
				CLANG_WARN_COMMA = YES;
				CLANG_WARN_CONSTANT_CONVERSION = YES;
				CLANG_WARN_DEPRECATED_OBJC_IMPLEMENTATIONS = YES;
				CLANG_WARN_DIRECT_OBJC_ISA_USAGE = YES_ERROR;
				CLANG_WARN_DOCUMENTATION_COMMENTS = YES;
				CLANG_WARN_EMPTY_BODY = YES;
				CLANG_WARN_ENUM_CONVERSION = YES;
				CLANG_WARN_INFINITE_RECURSION = YES;
				CLANG_WARN_INT_CONVERSION = YES;
				CLANG_WARN_NON_LITERAL_NULL_CONVERSION = YES;
				CLANG_WARN_OBJC_IMPLICIT_RETAIN_SELF = YES;
				CLANG_WARN_OBJC_LITERAL_CONVERSION = YES;
				CLANG_WARN_OBJC_ROOT_CLASS = YES_ERROR;
				CLANG_WARN_QUOTED_INCLUDE_IN_FRAMEWORK_HEADER = YES;
				CLANG_WARN_RANGE_LOOP_ANALYSIS = YES;
				CLANG_WARN_STRICT_PROTOTYPES = YES;
				CLANG_WARN_SUSPICIOUS_MOVE = YES;
				CLANG_WARN_UNGUARDED_AVAILABILITY = YES_AGGRESSIVE;
				CLANG_WARN_UNREACHABLE_CODE = YES;
				CLANG_WARN__DUPLICATE_METHOD_MATCH = YES;
				COPY_PHASE_STRIP = NO;
				DEBUG_INFORMATION_FORMAT = dwarf;
				ENABLE_STRICT_OBJC_MSGSEND = YES;
				ENABLE_TESTABILITY = YES;
				ENABLE_USER_SCRIPT_SANDBOXING = YES;
				GCC_C_LANGUAGE_STANDARD = gnu17;
				GCC_DYNAMIC_NO_PIC = NO;
				GCC_NO_COMMON_BLOCKS = YES;
				GCC_OPTIMIZATION_LEVEL = 0;
				GCC_PREPROCESSOR_DEFINITIONS = (
					"DEBUG=1",
					"$(inherited)",
				);
				GCC_WARN_64_TO_32_BIT_CONVERSION = YES;
				GCC_WARN_ABOUT_RETURN_TYPE = YES_ERROR;
				GCC_WARN_UNDECLARED_SELECTOR = YES;
				GCC_WARN_UNINITIALIZED_AUTOS = YES_AGGRESSIVE;
				GCC_WARN_UNUSED_FUNCTION = YES;
				GCC_WARN_UNUSED_VARIABLE = YES;
				IPHONEOS_DEPLOYMENT_TARGET = 17.4;
				LOCALIZATION_PREFERS_STRING_CATALOGS = YES;
				MTL_ENABLE_DEBUG_INFO = INCLUDE_SOURCE;
				MTL_FAST_MATH = YES;
				ONLY_ACTIVE_ARCH = YES;
				SDKROOT = iphoneos;
				SWIFT_ACTIVE_COMPILATION_CONDITIONS = "DEBUG $(inherited)";
				SWIFT_OPTIMIZATION_LEVEL = "-Onone";
			};
			name = Debug;
		};
		E7EDA7182C48FA5D001EDDC7 /* Release */ = {
			isa = XCBuildConfiguration;
			buildSettings = {
				ALWAYS_SEARCH_USER_PATHS = NO;
				ASSETCATALOG_COMPILER_GENERATE_SWIFT_ASSET_SYMBOL_EXTENSIONS = YES;
				CLANG_ANALYZER_NONNULL = YES;
				CLANG_ANALYZER_NUMBER_OBJECT_CONVERSION = YES_AGGRESSIVE;
				CLANG_CXX_LANGUAGE_STANDARD = "gnu++20";
				CLANG_ENABLE_MODULES = YES;
				CLANG_ENABLE_OBJC_ARC = YES;
				CLANG_ENABLE_OBJC_WEAK = YES;
				CLANG_WARN_BLOCK_CAPTURE_AUTORELEASING = YES;
				CLANG_WARN_BOOL_CONVERSION = YES;
				CLANG_WARN_COMMA = YES;
				CLANG_WARN_CONSTANT_CONVERSION = YES;
				CLANG_WARN_DEPRECATED_OBJC_IMPLEMENTATIONS = YES;
				CLANG_WARN_DIRECT_OBJC_ISA_USAGE = YES_ERROR;
				CLANG_WARN_DOCUMENTATION_COMMENTS = YES;
				CLANG_WARN_EMPTY_BODY = YES;
				CLANG_WARN_ENUM_CONVERSION = YES;
				CLANG_WARN_INFINITE_RECURSION = YES;
				CLANG_WARN_INT_CONVERSION = YES;
				CLANG_WARN_NON_LITERAL_NULL_CONVERSION = YES;
				CLANG_WARN_OBJC_IMPLICIT_RETAIN_SELF = YES;
				CLANG_WARN_OBJC_LITERAL_CONVERSION = YES;
				CLANG_WARN_OBJC_ROOT_CLASS = YES_ERROR;
				CLANG_WARN_QUOTED_INCLUDE_IN_FRAMEWORK_HEADER = YES;
				CLANG_WARN_RANGE_LOOP_ANALYSIS = YES;
				CLANG_WARN_STRICT_PROTOTYPES = YES;
				CLANG_WARN_SUSPICIOUS_MOVE = YES;
				CLANG_WARN_UNGUARDED_AVAILABILITY = YES_AGGRESSIVE;
				CLANG_WARN_UNREACHABLE_CODE = YES;
				CLANG_WARN__DUPLICATE_METHOD_MATCH = YES;
				COPY_PHASE_STRIP = NO;
				DEBUG_INFORMATION_FORMAT = "dwarf-with-dsym";
				ENABLE_NS_ASSERTIONS = NO;
				ENABLE_STRICT_OBJC_MSGSEND = YES;
				ENABLE_USER_SCRIPT_SANDBOXING = YES;
				GCC_C_LANGUAGE_STANDARD = gnu17;
				GCC_NO_COMMON_BLOCKS = YES;
				GCC_WARN_64_TO_32_BIT_CONVERSION = YES;
				GCC_WARN_ABOUT_RETURN_TYPE = YES_ERROR;
				GCC_WARN_UNDECLARED_SELECTOR = YES;
				GCC_WARN_UNINITIALIZED_AUTOS = YES_AGGRESSIVE;
				GCC_WARN_UNUSED_FUNCTION = YES;
				GCC_WARN_UNUSED_VARIABLE = YES;
				IPHONEOS_DEPLOYMENT_TARGET = 17.4;
				LOCALIZATION_PREFERS_STRING_CATALOGS = YES;
				MTL_ENABLE_DEBUG_INFO = NO;
				MTL_FAST_MATH = YES;
				SDKROOT = iphoneos;
				SWIFT_COMPILATION_MODE = wholemodule;
				VALIDATE_PRODUCT = YES;
			};
			name = Release;
		};
		E7EDA71A2C48FA5D001EDDC7 /* Debug */ = {
			isa = XCBuildConfiguration;
			buildSettings = {
				ASSETCATALOG_COMPILER_APPICON_NAME = AppIcon;
				ASSETCATALOG_COMPILER_GLOBAL_ACCENT_COLOR_NAME = AccentColor;
				CLANG_ENABLE_MODULES = YES;
				CODE_SIGN_STYLE = Automatic;
				CURRENT_PROJECT_VERSION = 1;
				DEVELOPMENT_TEAM = 76G9V6496L;
				GENERATE_INFOPLIST_FILE = YES;
				INFOPLIST_FILE = SwiftIMGuest2/Info.plist;
				INFOPLIST_KEY_UIApplicationSupportsIndirectInputEvents = YES;
				INFOPLIST_KEY_UILaunchStoryboardName = LaunchScreen;
				INFOPLIST_KEY_UIMainStoryboardFile = Main;
				INFOPLIST_KEY_UISupportedInterfaceOrientations_iPad = "UIInterfaceOrientationPortrait UIInterfaceOrientationPortraitUpsideDown UIInterfaceOrientationLandscapeLeft UIInterfaceOrientationLandscapeRight";
				INFOPLIST_KEY_UISupportedInterfaceOrientations_iPhone = "UIInterfaceOrientationPortrait UIInterfaceOrientationLandscapeLeft UIInterfaceOrientationLandscapeRight";
				LD_RUNPATH_SEARCH_PATHS = (
					"$(inherited)",
					"@executable_path/Frameworks",
				);
				LIBRARY_SEARCH_PATHS = (
					"$(inherited)",
					"$(PROJECT_DIR)/SwiftIMGuest2",
					"$(PROJECT_DIR)/SwiftIMGuest2/FFI",
				);
				MARKETING_VERSION = 1.0;
				PRODUCT_BUNDLE_IDENTIFIER = macjpz.SwiftIMGuest2;
				PRODUCT_NAME = "$(TARGET_NAME)";
				SWIFT_EMIT_LOC_STRINGS = YES;
				SWIFT_OBJC_BRIDGING_HEADER = "SwiftIMGuest2/SwiftIMGuest2-Bridging-Header.h";
				SWIFT_OPTIMIZATION_LEVEL = "-Onone";
				SWIFT_VERSION = 5.0;
				TARGETED_DEVICE_FAMILY = "1,2";
			};
			name = Debug;
		};
		E7EDA71B2C48FA5D001EDDC7 /* Release */ = {
			isa = XCBuildConfiguration;
			buildSettings = {
				ASSETCATALOG_COMPILER_APPICON_NAME = AppIcon;
				ASSETCATALOG_COMPILER_GLOBAL_ACCENT_COLOR_NAME = AccentColor;
				CLANG_ENABLE_MODULES = YES;
				CODE_SIGN_STYLE = Automatic;
				CURRENT_PROJECT_VERSION = 1;
				DEVELOPMENT_TEAM = 76G9V6496L;
				GENERATE_INFOPLIST_FILE = YES;
				INFOPLIST_FILE = SwiftIMGuest2/Info.plist;
				INFOPLIST_KEY_UIApplicationSupportsIndirectInputEvents = YES;
				INFOPLIST_KEY_UILaunchStoryboardName = LaunchScreen;
				INFOPLIST_KEY_UIMainStoryboardFile = Main;
				INFOPLIST_KEY_UISupportedInterfaceOrientations_iPad = "UIInterfaceOrientationPortrait UIInterfaceOrientationPortraitUpsideDown UIInterfaceOrientationLandscapeLeft UIInterfaceOrientationLandscapeRight";
				INFOPLIST_KEY_UISupportedInterfaceOrientations_iPhone = "UIInterfaceOrientationPortrait UIInterfaceOrientationLandscapeLeft UIInterfaceOrientationLandscapeRight";
				LD_RUNPATH_SEARCH_PATHS = (
					"$(inherited)",
					"@executable_path/Frameworks",
				);
				LIBRARY_SEARCH_PATHS = (
					"$(inherited)",
					"$(PROJECT_DIR)/SwiftIMGuest2",
					"$(PROJECT_DIR)/SwiftIMGuest2/FFI",
				);
				MARKETING_VERSION = 1.0;
				PRODUCT_BUNDLE_IDENTIFIER = macjpz.SwiftIMGuest2;
				PRODUCT_NAME = "$(TARGET_NAME)";
				SWIFT_EMIT_LOC_STRINGS = YES;
				SWIFT_OBJC_BRIDGING_HEADER = "SwiftIMGuest2/SwiftIMGuest2-Bridging-Header.h";
				SWIFT_VERSION = 5.0;
				TARGETED_DEVICE_FAMILY = "1,2";
			};
			name = Release;
		};
/* End XCBuildConfiguration section */

/* Begin XCConfigurationList section */
		E7EDA6EA2C48FA5B001EDDC7 /* Build configuration list for PBXProject "SwiftIMGuest2" */ = {
			isa = XCConfigurationList;
			buildConfigurations = (
				E7EDA7172C48FA5D001EDDC7 /* Debug */,
				E7EDA7182C48FA5D001EDDC7 /* Release */,
			);
			defaultConfigurationIsVisible = 0;
			defaultConfigurationName = Release;
		};
		E7EDA7192C48FA5D001EDDC7 /* Build configuration list for PBXNativeTarget "SwiftIMGuest2" */ = {
			isa = XCConfigurationList;
			buildConfigurations = (
				E7EDA71A2C48FA5D001EDDC7 /* Debug */,
				E7EDA71B2C48FA5D001EDDC7 /* Release */,
			);
			defaultConfigurationIsVisible = 0;
			defaultConfigurationName = Release;
		};
/* End XCConfigurationList section */

/* Begin XCRemoteSwiftPackageReference section */
		1E50C4A22D298B12002102D1 /* XCRemoteSwiftPackageReference "SnapKit" */ = {
			isa = XCRemoteSwiftPackageReference;
			repositoryURL = "https://github.com/SnapKit/SnapKit";
			requirement = {
				kind = upToNextMajorVersion;
				minimumVersion = 5.7.1;
			};
		};
/* End XCRemoteSwiftPackageReference section */

/* Begin XCSwiftPackageProductDependency section */
		1E50C4A32D298B12002102D1 /* SnapKit */ = {
			isa = XCSwiftPackageProductDependency;
			package = 1E50C4A22D298B12002102D1 /* XCRemoteSwiftPackageReference "SnapKit" */;
			productName = SnapKit;
		};
/* End XCSwiftPackageProductDependency section */
	};
	rootObject = E7EDA6E72C48FA5B001EDDC7 /* Project object */;
}
